// !$*UTF8*$!
{
	archiveVersion = 1;
	classes = {
	};
	objectVersion = 46;
	objects = {

/* Begin PBXBuildFile section */
		015476151F1906F900644AF2 /* TimerInvocation.swift in Sources */ = {isa = PBXBuildFile; fileRef = 015476141F1906F900644AF2 /* TimerInvocation.swift */; };
		01932FB91F17CC9F0047227A /* AppDelegate.swift in Sources */ = {isa = PBXBuildFile; fileRef = 01932FB81F17CC9F0047227A /* AppDelegate.swift */; };
		01932FBB1F17CC9F0047227A /* ViewController.swift in Sources */ = {isa = PBXBuildFile; fileRef = 01932FBA1F17CC9F0047227A /* ViewController.swift */; };
		01932FBD1F17CC9F0047227A /* Assets.xcassets in Resources */ = {isa = PBXBuildFile; fileRef = 01932FBC1F17CC9F0047227A /* Assets.xcassets */; };
		01932FC01F17CC9F0047227A /* Main.storyboard in Resources */ = {isa = PBXBuildFile; fileRef = 01932FBE1F17CC9F0047227A /* Main.storyboard */; };
		01932FC81F17CD510047227A /* PingService.swift in Sources */ = {isa = PBXBuildFile; fileRef = 01932FC71F17CD510047227A /* PingService.swift */; };
		8930F71D7E93A00C532AD5F3 /* Pods_Overload.framework in Frameworks */ = {isa = PBXBuildFile; fileRef = 3B6D1FA51EB0189582559A28 /* Pods_Overload.framework */; };
/* End PBXBuildFile section */

/* Begin PBXFileReference section */
		015476141F1906F900644AF2 /* TimerInvocation.swift */ = {isa = PBXFileReference; fileEncoding = 4; lastKnownFileType = sourcecode.swift; path = TimerInvocation.swift; sourceTree = "<group>"; };
		01932FB51F17CC9F0047227A /* Overload.app */ = {isa = PBXFileReference; explicitFileType = wrapper.application; includeInIndex = 0; path = Overload.app; sourceTree = BUILT_PRODUCTS_DIR; };
		01932FB81F17CC9F0047227A /* AppDelegate.swift */ = {isa = PBXFileReference; lastKnownFileType = sourcecode.swift; path = AppDelegate.swift; sourceTree = "<group>"; };
		01932FBA1F17CC9F0047227A /* ViewController.swift */ = {isa = PBXFileReference; lastKnownFileType = sourcecode.swift; path = ViewController.swift; sourceTree = "<group>"; };
		01932FBC1F17CC9F0047227A /* Assets.xcassets */ = {isa = PBXFileReference; lastKnownFileType = folder.assetcatalog; path = Assets.xcassets; sourceTree = "<group>"; };
		01932FBF1F17CC9F0047227A /* Base */ = {isa = PBXFileReference; lastKnownFileType = file.storyboard; name = Base; path = Base.lproj/Main.storyboard; sourceTree = "<group>"; };
		01932FC11F17CC9F0047227A /* Info.plist */ = {isa = PBXFileReference; lastKnownFileType = text.plist.xml; path = Info.plist; sourceTree = "<group>"; };
		01932FC71F17CD510047227A /* PingService.swift */ = {isa = PBXFileReference; fileEncoding = 4; lastKnownFileType = sourcecode.swift; path = PingService.swift; sourceTree = "<group>"; };
		3B6D1FA51EB0189582559A28 /* Pods_Overload.framework */ = {isa = PBXFileReference; explicitFileType = wrapper.framework; includeInIndex = 0; path = Pods_Overload.framework; sourceTree = BUILT_PRODUCTS_DIR; };
		862E1B7EF31DEC71031669E8 /* Pods-Overload.release.xcconfig */ = {isa = PBXFileReference; includeInIndex = 1; lastKnownFileType = text.xcconfig; name = "Pods-Overload.release.xcconfig"; path = "Pods/Target Support Files/Pods-Overload/Pods-Overload.release.xcconfig"; sourceTree = "<group>"; };
		980253561C6D785DC0C202F2 /* Pods-Overload.debug.xcconfig */ = {isa = PBXFileReference; includeInIndex = 1; lastKnownFileType = text.xcconfig; name = "Pods-Overload.debug.xcconfig"; path = "Pods/Target Support Files/Pods-Overload/Pods-Overload.debug.xcconfig"; sourceTree = "<group>"; };
/* End PBXFileReference section */

/* Begin PBXFrameworksBuildPhase section */
		01932FB21F17CC9F0047227A /* Frameworks */ = {
			isa = PBXFrameworksBuildPhase;
			buildActionMask = 2147483647;
			files = (
				8930F71D7E93A00C532AD5F3 /* Pods_Overload.framework in Frameworks */,
			);
			runOnlyForDeploymentPostprocessing = 0;
		};
/* End PBXFrameworksBuildPhase section */

/* Begin PBXGroup section */
		01932FAC1F17CC9F0047227A = {
			isa = PBXGroup;
			children = (
				01932FB71F17CC9F0047227A /* Overload */,
				01932FB61F17CC9F0047227A /* Products */,
				79C04B7111953F1FCA02BA62 /* Pods */,
				4DE5F268E7518D9A1E9F22A7 /* Frameworks */,
			);
			sourceTree = "<group>";
		};
		01932FB61F17CC9F0047227A /* Products */ = {
			isa = PBXGroup;
			children = (
				01932FB51F17CC9F0047227A /* Overload.app */,
			);
			name = Products;
			sourceTree = "<group>";
		};
		01932FB71F17CC9F0047227A /* Overload */ = {
			isa = PBXGroup;
			children = (
				015476141F1906F900644AF2 /* TimerInvocation.swift */,
				01932FB81F17CC9F0047227A /* AppDelegate.swift */,
				01932FBA1F17CC9F0047227A /* ViewController.swift */,
				01932FBC1F17CC9F0047227A /* Assets.xcassets */,
				01932FBE1F17CC9F0047227A /* Main.storyboard */,
				01932FC71F17CD510047227A /* PingService.swift */,
				01932FC11F17CC9F0047227A /* Info.plist */,
			);
			path = Overload;
			sourceTree = "<group>";
		};
		4DE5F268E7518D9A1E9F22A7 /* Frameworks */ = {
			isa = PBXGroup;
			children = (
				3B6D1FA51EB0189582559A28 /* Pods_Overload.framework */,
			);
			name = Frameworks;
			sourceTree = "<group>";
		};
		79C04B7111953F1FCA02BA62 /* Pods */ = {
			isa = PBXGroup;
			children = (
				980253561C6D785DC0C202F2 /* Pods-Overload.debug.xcconfig */,
				862E1B7EF31DEC71031669E8 /* Pods-Overload.release.xcconfig */,
			);
			name = Pods;
			sourceTree = "<group>";
		};
/* End PBXGroup section */

/* Begin PBXNativeTarget section */
		01932FB41F17CC9F0047227A /* Overload */ = {
			isa = PBXNativeTarget;
			buildConfigurationList = 01932FC41F17CC9F0047227A /* Build configuration list for PBXNativeTarget "Overload" */;
			buildPhases = (
				2D4FE67F8AC11196E7731AD2 /* [CP] Check Pods Manifest.lock */,
				01932FB11F17CC9F0047227A /* Sources */,
				01932FB21F17CC9F0047227A /* Frameworks */,
				01932FB31F17CC9F0047227A /* Resources */,
				D43CFC4332B3702AEA1B4440 /* [CP] Embed Pods Frameworks */,
				6100802302DF53FA159B20BA /* [CP] Copy Pods Resources */,
			);
			buildRules = (
			);
			dependencies = (
			);
			name = Overload;
			productName = Overload;
			productReference = 01932FB51F17CC9F0047227A /* Overload.app */;
			productType = "com.apple.product-type.application";
		};
/* End PBXNativeTarget section */

/* Begin PBXProject section */
		01932FAD1F17CC9F0047227A /* Project object */ = {
			isa = PBXProject;
			attributes = {
				LastSwiftUpdateCheck = 0830;
				LastUpgradeCheck = 0830;
				ORGANIZATIONNAME = "Mariano Montori";
				TargetAttributes = {
					01932FB41F17CC9F0047227A = {
						CreatedOnToolsVersion = 8.3.3;
						DevelopmentTeam = VS6BGM3X64;
						ProvisioningStyle = Automatic;
					};
				};
			};
			buildConfigurationList = 01932FB01F17CC9F0047227A /* Build configuration list for PBXProject "Overload" */;
			compatibilityVersion = "Xcode 3.2";
			developmentRegion = English;
			hasScannedForEncodings = 0;
			knownRegions = (
				en,
				Base,
			);
			mainGroup = 01932FAC1F17CC9F0047227A;
			productRefGroup = 01932FB61F17CC9F0047227A /* Products */;
			projectDirPath = "";
			projectRoot = "";
			targets = (
				01932FB41F17CC9F0047227A /* Overload */,
			);
		};
/* End PBXProject section */

/* Begin PBXResourcesBuildPhase section */
		01932FB31F17CC9F0047227A /* Resources */ = {
			isa = PBXResourcesBuildPhase;
			buildActionMask = 2147483647;
			files = (
				01932FBD1F17CC9F0047227A /* Assets.xcassets in Resources */,
				01932FC01F17CC9F0047227A /* Main.storyboard in Resources */,
			);
			runOnlyForDeploymentPostprocessing = 0;
		};
/* End PBXResourcesBuildPhase section */

/* Begin PBXShellScriptBuildPhase section */
		2D4FE67F8AC11196E7731AD2 /* [CP] Check Pods Manifest.lock */ = {
			isa = PBXShellScriptBuildPhase;
			buildActionMask = 2147483647;
			files = (
			);
			inputPaths = (
			);
			name = "[CP] Check Pods Manifest.lock";
			outputPaths = (
			);
			runOnlyForDeploymentPostprocessing = 0;
			shellPath = /bin/sh;
			shellScript = "diff \"${PODS_PODFILE_DIR_PATH}/Podfile.lock\" \"${PODS_ROOT}/Manifest.lock\" > /dev/null\nif [ $? != 0 ] ; then\n    # print error to STDERR\n    echo \"error: The sandbox is not in sync with the Podfile.lock. Run 'pod install' or update your CocoaPods installation.\" >&2\n    exit 1\nfi\n";
			showEnvVarsInLog = 0;
		};
		6100802302DF53FA159B20BA /* [CP] Copy Pods Resources */ = {
			isa = PBXShellScriptBuildPhase;
			buildActionMask = 2147483647;
			files = (
			);
			inputPaths = (
			);
			name = "[CP] Copy Pods Resources";
			outputPaths = (
			);
			runOnlyForDeploymentPostprocessing = 0;
			shellPath = /bin/sh;
			shellScript = "\"${SRCROOT}/Pods/Target Support Files/Pods-Overload/Pods-Overload-resources.sh\"\n";
			showEnvVarsInLog = 0;
		};
		D43CFC4332B3702AEA1B4440 /* [CP] Embed Pods Frameworks */ = {
			isa = PBXShellScriptBuildPhase;
			buildActionMask = 2147483647;
			files = (
			);
			inputPaths = (
			);
			name = "[CP] Embed Pods Frameworks";
			outputPaths = (
			);
			runOnlyForDeploymentPostprocessing = 0;
			shellPath = /bin/sh;
			shellScript = "\"${SRCROOT}/Pods/Target Support Files/Pods-Overload/Pods-Overload-frameworks.sh\"\n";
			showEnvVarsInLog = 0;
		};
/* End PBXShellScriptBuildPhase section */

/* Begin PBXSourcesBuildPhase section */
		01932FB11F17CC9F0047227A /* Sources */ = {
			isa = PBXSourcesBuildPhase;
			buildActionMask = 2147483647;
			files = (
				01932FBB1F17CC9F0047227A /* ViewController.swift in Sources */,
				01932FB91F17CC9F0047227A /* AppDelegate.swift in Sources */,
				01932FC81F17CD510047227A /* PingService.swift in Sources */,
				015476151F1906F900644AF2 /* TimerInvocation.swift in Sources */,
			);
			runOnlyForDeploymentPostprocessing = 0;
		};
/* End PBXSourcesBuildPhase section */

/* Begin PBXVariantGroup section */
		01932FBE1F17CC9F0047227A /* Main.storyboard */ = {
			isa = PBXVariantGroup;
			children = (
				01932FBF1F17CC9F0047227A /* Base */,
			);
			name = Main.storyboard;
			sourceTree = "<group>";
		};
/* End PBXVariantGroup section */

/* Begin XCBuildConfiguration section */
		01932FC21F17CC9F0047227A /* Debug */ = {
			isa = XCBuildConfiguration;
			buildSettings = {
				ALWAYS_SEARCH_USER_PATHS = NO;
				CLANG_ANALYZER_NONNULL = YES;
				CLANG_ANALYZER_NUMBER_OBJECT_CONVERSION = YES_AGGRESSIVE;
				CLANG_CXX_LANGUAGE_STANDARD = "gnu++0x";
				CLANG_CXX_LIBRARY = "libc++";
				CLANG_ENABLE_MODULES = YES;
				CLANG_ENABLE_OBJC_ARC = YES;
				CLANG_WARN_BOOL_CONVERSION = YES;
				CLANG_WARN_CONSTANT_CONVERSION = YES;
				CLANG_WARN_DIRECT_OBJC_ISA_USAGE = YES_ERROR;
				CLANG_WARN_DOCUMENTATION_COMMENTS = YES;
				CLANG_WARN_EMPTY_BODY = YES;
				CLANG_WARN_ENUM_CONVERSION = YES;
				CLANG_WARN_INFINITE_RECURSION = YES;
				CLANG_WARN_INT_CONVERSION = YES;
				CLANG_WARN_OBJC_ROOT_CLASS = YES_ERROR;
				CLANG_WARN_SUSPICIOUS_MOVE = YES;
				CLANG_WARN_UNREACHABLE_CODE = YES;
				CLANG_WARN__DUPLICATE_METHOD_MATCH = YES;
				CODE_SIGN_IDENTITY = "-";
				COPY_PHASE_STRIP = NO;
				DEBUG_INFORMATION_FORMAT = dwarf;
				ENABLE_STRICT_OBJC_MSGSEND = YES;
				ENABLE_TESTABILITY = YES;
				GCC_C_LANGUAGE_STANDARD = gnu99;
				GCC_DYNAMIC_NO_PIC = NO;
				GCC_NO_COMMON_BLOCKS = YES;
				GCC_OPTIMIZATION_LEVEL = 0;
				GCC_PREPROCESSOR_DEFINITIONS = (
					"DEBUG=1",
					"$(inherited)",
				);
				GCC_WARN_64_TO_32_BIT_CONVERSION = YES;
				GCC_WARN_ABOUT_RETURN_TYPE = YES_ERROR;
				GCC_WARN_UNDECLARED_SELECTOR = YES;
				GCC_WARN_UNINITIALIZED_AUTOS = YES_AGGRESSIVE;
				GCC_WARN_UNUSED_FUNCTION = YES;
				GCC_WARN_UNUSED_VARIABLE = YES;
				MACOSX_DEPLOYMENT_TARGET = 10.12;
				MTL_ENABLE_DEBUG_INFO = YES;
				ONLY_ACTIVE_ARCH = YES;
				SDKROOT = macosx;
				SWIFT_ACTIVE_COMPILATION_CONDITIONS = DEBUG;
				SWIFT_OPTIMIZATION_LEVEL = "-Onone";
			};
			name = Debug;
		};
		01932FC31F17CC9F0047227A /* Release */ = {
			isa = XCBuildConfiguration;
			buildSettings = {
				ALWAYS_SEARCH_USER_PATHS = NO;
				CLANG_ANALYZER_NONNULL = YES;
				CLANG_ANALYZER_NUMBER_OBJECT_CONVERSION = YES_AGGRESSIVE;
				CLANG_CXX_LANGUAGE_STANDARD = "gnu++0x";
				CLANG_CXX_LIBRARY = "libc++";
				CLANG_ENABLE_MODULES = YES;
				CLANG_ENABLE_OBJC_ARC = YES;
				CLANG_WARN_BOOL_CONVERSION = YES;
				CLANG_WARN_CONSTANT_CONVERSION = YES;
				CLANG_WARN_DIRECT_OBJC_ISA_USAGE = YES_ERROR;
				CLANG_WARN_DOCUMENTATION_COMMENTS = YES;
				CLANG_WARN_EMPTY_BODY = YES;
				CLANG_WARN_ENUM_CONVERSION = YES;
				CLANG_WARN_INFINITE_RECURSION = YES;
				CLANG_WARN_INT_CONVERSION = YES;
				CLANG_WARN_OBJC_ROOT_CLASS = YES_ERROR;
				CLANG_WARN_SUSPICIOUS_MOVE = YES;
				CLANG_WARN_UNREACHABLE_CODE = YES;
				CLANG_WARN__DUPLICATE_METHOD_MATCH = YES;
				CODE_SIGN_IDENTITY = "-";
				COPY_PHASE_STRIP = NO;
				DEBUG_INFORMATION_FORMAT = "dwarf-with-dsym";
				ENABLE_NS_ASSERTIONS = NO;
				ENABLE_STRICT_OBJC_MSGSEND = YES;
				GCC_C_LANGUAGE_STANDARD = gnu99;
				GCC_NO_COMMON_BLOCKS = YES;
				GCC_WARN_64_TO_32_BIT_CONVERSION = YES;
				GCC_WARN_ABOUT_RETURN_TYPE = YES_ERROR;
				GCC_WARN_UNDECLARED_SELECTOR = YES;
				GCC_WARN_UNINITIALIZED_AUTOS = YES_AGGRESSIVE;
				GCC_WARN_UNUSED_FUNCTION = YES;
				GCC_WARN_UNUSED_VARIABLE = YES;
				MACOSX_DEPLOYMENT_TARGET = 10.12;
				MTL_ENABLE_DEBUG_INFO = NO;
				SDKROOT = macosx;
				SWIFT_OPTIMIZATION_LEVEL = "-Owholemodule";
			};
			name = Release;
		};
		01932FC51F17CC9F0047227A /* Debug */ = {
			isa = XCBuildConfiguration;
			baseConfigurationReference = 980253561C6D785DC0C202F2 /* Pods-Overload.debug.xcconfig */;
			buildSettings = {
				ASSETCATALOG_COMPILER_APPICON_NAME = AppIcon;
				CODE_SIGN_IDENTITY = "Mac Developer";
				COMBINE_HIDPI_IMAGES = YES;
				DEVELOPMENT_TEAM = "";
				INFOPLIST_FILE = Overload/Info.plist;
				LD_RUNPATH_SEARCH_PATHS = "$(inherited) @executable_path/../Frameworks";
				PRODUCT_BUNDLE_IDENTIFIER = com.montoridev.Overload;
				PRODUCT_NAME = "$(TARGET_NAME)";
				PROVISIONING_PROFILE_SPECIFIER = "";
				SWIFT_VERSION = 3.0;
			};
			name = Debug;
		};
		01932FC61F17CC9F0047227A /* Release */ = {
			isa = XCBuildConfiguration;
			baseConfigurationReference = 862E1B7EF31DEC71031669E8 /* Pods-Overload.release.xcconfig */;
			buildSettings = {
				ASSETCATALOG_COMPILER_APPICON_NAME = AppIcon;
				CODE_SIGN_IDENTITY = "Mac Developer";
				COMBINE_HIDPI_IMAGES = YES;
				DEVELOPMENT_TEAM = "";
				INFOPLIST_FILE = Overload/Info.plist;
				LD_RUNPATH_SEARCH_PATHS = "$(inherited) @executable_path/../Frameworks";
				PRODUCT_BUNDLE_IDENTIFIER = com.montoridev.Overload;
				PRODUCT_NAME = "$(TARGET_NAME)";
				PROVISIONING_PROFILE_SPECIFIER = "";
				SWIFT_VERSION = 3.0;
			};
			name = Release;
		};
/* End XCBuildConfiguration section */

/* Begin XCConfigurationList section */
		01932FB01F17CC9F0047227A /* Build configuration list for PBXProject "Overload" */ = {
			isa = XCConfigurationList;
			buildConfigurations = (
				01932FC21F17CC9F0047227A /* Debug */,
				01932FC31F17CC9F0047227A /* Release */,
			);
			defaultConfigurationIsVisible = 0;
			defaultConfigurationName = Release;
		};
		01932FC41F17CC9F0047227A /* Build configuration list for PBXNativeTarget "Overload" */ = {
			isa = XCConfigurationList;
			buildConfigurations = (
				01932FC51F17CC9F0047227A /* Debug */,
				01932FC61F17CC9F0047227A /* Release */,
			);
			defaultConfigurationIsVisible = 0;
			defaultConfigurationName = Release;
		};
/* End XCConfigurationList section */
	};
	rootObject = 01932FAD1F17CC9F0047227A /* Project object */;
}
